version = 1
revision = 3
requires-python = ">=3.11, <4.0"

[[package]]
name = "chardet"
version = "7.4.1"
source = { registry = "https://pypi.org/simple" }
sdist = { url = "https://files.pythonhosted.org/packages/a7/e7/58aadb0c7a4647957ef6a2a7d759f28904992632808328a1ba443a4e44d7/chardet-7.4.1.tar.gz", hash = "sha256:cda41132a45dfbf6984dade1f531a4098c813caf266c66cc446d90bb9369cabd", size = 768218, upload-time = "2026-04-07T20:25:09.646Z" }
wheels = [
    { url = "https://files.pythonhosted.org/packages/cb/2c/bc6d4f9acbad0bf402ce1fe47bac43324f04036848ca3525f4e53bca8198/chardet-7.4.1-cp311-cp311-macosx_10_9_x86_64.whl", hash = "sha256:a9322fd3ffd359b49b2d608725a15975ebc0d66f2dcedefa7ddb5847e54a6f9c", size = 869487, upload-time = "2026-04-07T20:24:32.216Z" },
    { url = "https://files.pythonhosted.org/packages/9f/dd/d1f18e3f3fe00799c652560521ba699f9698c264a0e1bbfc67e567a6d995/chardet-7.4.1-cp311-cp311-macosx_11_0_arm64.whl", hash = "sha256:3886f8f9bb3500bd8c421b2de9b4878a0c183f80bc289338cdda869dfd4397fb", size = 851824, upload-time = "2026-04-07T20:24:33.643Z" },
    { url = "https://files.pythonhosted.org/packages/6a/cc/04f75834c7c8e37c43f4b5d5c29a9e6ae8002e87de335418a9f277efdbbf/chardet-7.4.1-cp311-cp311-manylinux2014_aarch64.manylinux_2_17_aarch64.manylinux_2_28_aarch64.whl", hash = "sha256:80de820fa1df95a2e7c9898867f7d6ff3dc3d52a109938b215b37ab54474d307", size = 872239, upload-time = "2026-04-07T20:24:34.999Z" },
    { url = "https://files.pythonhosted.org/packages/65/6a/9cc5221337a0f47478e4cb91623bf89c99728a43ff682ea8772827cc45a6/chardet-7.4.1-cp311-cp311-manylinux2014_x86_64.manylinux_2_17_x86_64.manylinux_2_28_x86_64.whl", hash = "sha256:c98e1044785ab71f0fee70f64b8d56f69df9de1b593793022e001ba2f6b76dd0", size = 882066, upload-time = "2026-04-07T20:24:36.483Z" },
    { url = "https://files.pythonhosted.org/packages/73/c9/6e378a9337c8710f0bb7d6ad847a49f65858ecd88aa75a826ece8f6ec9df/chardet-7.4.1-cp311-cp311-manylinux_2_31_riscv64.manylinux_2_39_riscv64.whl", hash = "sha256:caf0715b8a5e20fc3faf21a24abd3ae513f8f58206dd32d1b87eca6351e105ed", size = 875314, upload-time = "2026-04-07T20:24:37.905Z" },
    { url = "https://files.pythonhosted.org/packages/c0/a9/68387dfc67972bc3547e84f3545af6bc1a53c46a01b6976ffa263485d61a/chardet-7.4.1-cp311-cp311-win_amd64.whl", hash = "sha256:c820c95d8b4de8aea99b54083d38f10f763686646962b5627e8e2b2db113a37b", size = 940517, upload-time = "2026-04-07T20:24:39.518Z" },
    { url = "https://files.pythonhosted.org/packages/fb/4a/ff2acdb422d32a2440718910da996bd5be03bd67fd504255918409b88439/chardet-7.4.1-cp312-cp312-macosx_10_13_x86_64.whl", hash = "sha256:0de8d636391f9050e4e048ca8a9f98b25e67eff389705f8c6ff1ab9593f7339b", size = 873498, upload-time = "2026-04-07T20:24:41.202Z" },
    { url = "https://files.pythonhosted.org/packages/53/b1/320ee3b3d8b1b95f48d02a081f28e23caf9bd044ff11e6c1597ffe65fa2f/chardet-7.4.1-cp312-cp312-macosx_11_0_arm64.whl", hash = "sha256:b726b0b2684d29cd08f602bb4266334386c58741ff34c9e2f6cdf97ad604e235", size = 853485, upload-time = "2026-04-07T20:24:42.55Z" },
    { url = "https://files.pythonhosted.org/packages/a2/db/6b410be7880dfd1d3e4ab4635772755010bc0671d5a8bd4fc4935d22af29/chardet-7.4.1-cp312-cp312-manylinux2014_aarch64.manylinux_2_17_aarch64.manylinux_2_28_aarch64.whl", hash = "sha256:6b5c03330b9108124f8174a596284b737e95f1cf6a99953c37cea7e2583212e7", size = 873724, upload-time = "2026-04-07T20:24:44.251Z" },
    { url = "https://files.pythonhosted.org/packages/5a/ea/119e9b64e74762ec279f4c742c353e35602437f29ae3ddc2b0cb43071dba/chardet-7.4.1-cp312-cp312-manylinux2014_x86_64.manylinux_2_17_x86_64.manylinux_2_28_x86_64.whl", hash = "sha256:277ce1174ea054415a3c2ad5f51aa089a96dda16999de56e4ac1bc366d0d535e", size = 886957, upload-time = "2026-04-07T20:24:45.614Z" },
    { url = "https://files.pythonhosted.org/packages/9a/b7/ba80b9936829323088d1721d74ed2a38791a9e838246757c54d9b1c880f6/chardet-7.4.1-cp312-cp312-manylinux_2_31_riscv64.manylinux_2_39_riscv64.whl", hash = "sha256:bee1d665ca5810d8e3cf11122619e85c23b209075cbddb91f213675248f0e522", size = 878701, upload-time = "2026-04-07T20:24:46.972Z" },
    { url = "https://files.pythonhosted.org/packages/6e/4c/dc7359553bcb0ff0511ef84bf997ad6308bc1bd0ca268bbcebb2866cebf5/chardet-7.4.1-cp312-cp312-win_amd64.whl", hash = "sha256:fcaed03cefa53f62346091ef92da7a6f44bae6830a6f4c6b097a70cdc31b1199", size = 942630, upload-time = "2026-04-07T20:24:48.304Z" },
    { url = "https://files.pythonhosted.org/packages/07/f2/b64a7edb73e6977c75d953a563827293726a6b17c32bceebb343cb515822/chardet-7.4.1-cp313-cp313-macosx_10_13_x86_64.whl", hash = "sha256:0487a6a6846740f39f9fcd71e3acff2982bae8bca3507ee986d5155cd458e044", size = 872288, upload-time = "2026-04-07T20:24:49.765Z" },
    { url = "https://files.pythonhosted.org/packages/29/37/0fa39432d526392ed17a91566f878c397da8990956a5552bcae915412ded/chardet-7.4.1-cp313-cp313-macosx_11_0_arm64.whl", hash = "sha256:d8aa2bae7d0523963395f802ae2212e8b2248d4503a14a691de86edf716b22d3", size = 852563, upload-time = "2026-04-07T20:24:51.166Z" },
    { url = "https://files.pythonhosted.org/packages/6c/f2/0a6b22e6d1d8fbfdfeea65cf91d9d33222a7aa20256729a18bf920cbde9f/chardet-7.4.1-cp313-cp313-manylinux2014_aarch64.manylinux_2_17_aarch64.manylinux_2_28_aarch64.whl", hash = "sha256:c03925738670199d253b8c79828d8a68d404f629a2dbf1b4b5aabd8c8b0249ab", size = 872700, upload-time = "2026-04-07T20:24:52.641Z" },
    { url = "https://files.pythonhosted.org/packages/b9/14/5fcd93d44ff6c2142907662888b296c0b303376fd1c332c488981ccb2f21/chardet-7.4.1-cp313-cp313-manylinux2014_x86_64.manylinux_2_17_x86_64.manylinux_2_28_x86_64.whl", hash = "sha256:19bcd1de4a0c1a5802f9d2d370b6696668bddc166a3c89c113cf109313b3d99f", size = 886048, upload-time = "2026-04-07T20:24:54.097Z" },
    { url = "https://files.pythonhosted.org/packages/b9/17/d6da96aa2a00d65a40732725e5262c7314dd5b9bdc3036d83d7b0cb96c40/chardet-7.4.1-cp313-cp313-manylinux_2_31_riscv64.manylinux_2_39_riscv64.whl", hash = "sha256:0848015eb1471e1499963dff2776557af05f99c38ba2a14f34ea078f8668c6a9", size = 878020, upload-time = "2026-04-07T20:24:55.639Z" },
    { url = "https://files.pythonhosted.org/packages/67/ee/7f5833299f6e193214c386072e5350b29ce0db2bace7ebe7a7aadb621774/chardet-7.4.1-cp313-cp313-win_amd64.whl", hash = "sha256:5e686e5a0d8155cfbf5b1a579f5790bb01bf1a0a52e7f98b38801c09a0c63fcd", size = 942784, upload-time = "2026-04-07T20:24:57.326Z" },
    { url = "https://files.pythonhosted.org/packages/24/05/b01e2a64d863d76af594405ecebf244b982b16571a43c5cd4a4c9303d528/chardet-7.4.1-cp314-cp314-macosx_10_15_x86_64.whl", hash = "sha256:2da446b920064ca9574504c29a07ef5eae91a1948a302a25043a16fb79ec2397", size = 871443, upload-time = "2026-04-07T20:24:59.051Z" },
    { url = "https://files.pythonhosted.org/packages/f1/ac/f2661976d435f2e16ed31b2e61cbdf6afcd2289220cf5f35fc981bae828b/chardet-7.4.1-cp314-cp314-macosx_11_0_arm64.whl", hash = "sha256:be39708b300a80a9f78ef8f81018e2e9c6274a71c0823a4d6e493c72f7b3d2a2", size = 852501, upload-time = "2026-04-07T20:25:00.538Z" },
    { url = "https://files.pythonhosted.org/packages/d6/89/9bc5b116e91ec5d72dd89f5cab0f200aafbea379c9f92e6af1d6f751e4de/chardet-7.4.1-cp314-cp314-manylinux2014_aarch64.manylinux_2_17_aarch64.manylinux_2_28_aarch64.whl", hash = "sha256:62b25b3ea5ef8e1672726e4c1601f6636ce3b76b9de92af669c8000711d7fe13", size = 874666, upload-time = "2026-04-07T20:25:01.896Z" },
    { url = "https://files.pythonhosted.org/packages/e3/30/1af6666f34e3ced9a2dd2993743c1f70af7b52d5db4c4eba22c42a265eae/chardet-7.4.1-cp314-cp314-manylinux2014_x86_64.manylinux_2_17_x86_64.manylinux_2_28_x86_64.whl", hash = "sha256:3d66d2949754ad924865a47e81857a0792dc8edc651094285116b6df2e218445", size = 886371, upload-time = "2026-04-07T20:25:03.374Z" },
    { url = "https://files.pythonhosted.org/packages/8d/ec/3741b48d7dfa241a3ef701b1bb49bf0a3862309378f1bd39e0026b81fc7c/chardet-7.4.1-cp314-cp314-manylinux_2_31_riscv64.manylinux_2_39_riscv64.whl", hash = "sha256:9381b3d9075c8a2e622b4d46db5e4229c94aebc71d4c8e620d9cf2cea2930824", size = 878556, upload-time = "2026-04-07T20:25:04.873Z" },
    { url = "https://files.pythonhosted.org/packages/61/52/38714d4cb9d0a7d864aaf405ea7c26bcdb0fce7035a4fbc7a34c548afb2e/chardet-7.4.1-cp314-cp314-win_amd64.whl", hash = "sha256:5d86402a506631af2fb36e3d1c72021477b228fb0dcdb44400b9b681f14b14c0", size = 938232, upload-time = "2026-04-07T20:25:06.534Z" },
    { url = "https://files.pythonhosted.org/packages/82/1e/e61baae08212bd3e4d63b49203e36d75f6bc16062d5ee137b95eb9e6692f/chardet-7.4.1-py3-none-any.whl", hash = "sha256:04b9be0d786b9a3bbd7860a82d27e843f22211be51b9b84d85fe8d9864e2f535", size = 625270, upload-time = "2026-04-07T20:25:07.937Z" },
]

[[package]]
name = "colorama"
version = "0.4.6"
source = { registry = "https://pypi.org/simple" }
sdist = { url = "https://files.pythonhosted.org/packages/d8/53/6f443c9a4a8358a93a6792e2acffb9d9d5cb0a5cfd8802644b7b1c9a02e4/colorama-0.4.6.tar.gz", hash = "sha256:08695f5cb7ed6e0531a20572697297273c47b8cae5a63ffc6d6ed5c201be6e44", size = 27697, upload-time = "2022-10-25T02:36:22.414Z" }
wheels = [
    { url = "https://files.pythonhosted.org/packages/d1/d6/3965ed04c63042e047cb6a3e6ed1a63a35087b6a609aa3a15ed8ac56c221/colorama-0.4.6-py2.py3-none-any.whl", hash = "sha256:4f1d9991f5acc0ca119f9d443620b77f9d6b33703e51011c16baf57afb285fc6", size = 25335, upload-time = "2022-10-25T02:36:20.889Z" },
]

[[package]]
name = "iniconfig"
version = "2.3.0"
source = { registry = "https://pypi.org/simple" }
sdist = { url = "https://files.pythonhosted.org/packages/72/34/14ca021ce8e5dfedc35312d08ba8bf51fdd999c576889fc2c24cb97f4f10/iniconfig-2.3.0.tar.gz", hash = "sha256:c76315c77db068650d49c5b56314774a7804df16fee4402c1f19d6d15d8c4730", size = 20503, upload-time = "2025-10-18T21:55:43.219Z" }
wheels = [
    { url = "https://files.pythonhosted.org/packages/cb/b1/3846dd7f199d53cb17f49cba7e651e9ce294d8497c8c150530ed11865bb8/iniconfig-2.3.0-py3-none-any.whl", hash = "sha256:f631c04d2c48c52b84d0d0549c99ff3859c98df65b3101406327ecc7d53fbf12", size = 7484, upload-time = "2025-10-18T21:55:41.639Z" },
]

[[package]]
name = "packaging"
version = "26.2"
source = { registry = "https://pypi.org/simple" }
sdist = { url = "https://files.pythonhosted.org/packages/d7/f1/e7a6dd94a8d4a5626c03e4e99c87f241ba9e350cd9e6d75123f992427270/packaging-26.2.tar.gz", hash = "sha256:ff452ff5a3e828ce110190feff1178bb1f2ea2281fa2075aadb987c2fb221661", size = 228134, upload-time = "2026-04-24T20:15:23.917Z" }
wheels = [
    { url = "https://files.pythonhosted.org/packages/df/b2/87e62e8c3e2f4b32e5fe99e0b86d576da1312593b39f47d8ceef365e95ed/packaging-26.2-py3-none-any.whl", hash = "sha256:5fc45236b9446107ff2415ce77c807cee2862cb6fac22b8a73826d0693b0980e", size = 100195, upload-time = "2026-04-24T20:15:22.081Z" },
]

[[package]]
name = "pluggy"
version = "1.6.0"
source = { registry = "https://pypi.org/simple" }
sdist = { url = "https://files.pythonhosted.org/packages/f9/e2/3e91f31a7d2b083fe6ef3fa267035b518369d9511ffab804f839851d2779/pluggy-1.6.0.tar.gz", hash = "sha256:7dcc130b76258d33b90f61b658791dede3486c3e6bfb003ee5c9bfb396dd22f3", size = 69412, upload-time = "2025-05-15T12:30:07.975Z" }
wheels = [
    { url = "https://files.pythonhosted.org/packages/54/20/4d324d65cc6d9205fabedc306948156824eb9f0ee1633355a8f7ec5c66bf/pluggy-1.6.0-py3-none-any.whl", hash = "sha256:e920276dd6813095e9377c0bc5566d94c932c33b27a3e3945d8389c374dd4746", size = 20538, upload-time = "2025-05-15T12:30:06.134Z" },
]

[[package]]
name = "prompt-toolkit"
version = "3.0.52"
source = { registry = "https://pypi.org/simple" }
dependencies = [
    { name = "wcwidth" },
]
sdist = { url = "https://files.pythonhosted.org/packages/a1/96/06e01a7b38dce6fe1db213e061a4602dd6032a8a97ef6c1a862537732421/prompt_toolkit-3.0.52.tar.gz", hash = "sha256:28cde192929c8e7321de85de1ddbe736f1375148b02f2e17edd840042b1be855", size = 434198, upload-time = "2025-08-27T15:24:02.057Z" }
wheels = [
    { url = "https://files.pythonhosted.org/packages/84/03/0d3ce49e2505ae70cf43bc5bb3033955d2fc9f932163e84dc0779cc47f48/prompt_toolkit-3.0.52-py3-none-any.whl", hash = "sha256:9aac639a3bbd33284347de5ad8d68ecc044b91a762dc39b7c21095fcd6a19955", size = 391431, upload-time = "2025-08-27T15:23:59.498Z" },
]

[[package]]
name = "pygments"
version = "2.20.0"
source = { registry = "https://pypi.org/simple" }
sdist = { url = "https://files.pythonhosted.org/packages/c3/b2/bc9c9196916376152d655522fdcebac55e66de6603a76a02bca1b6414f6c/pygments-2.20.0.tar.gz", hash = "sha256:6757cd03768053ff99f3039c1a36d6c0aa0b263438fcab17520b30a303a82b5f", size = 4955991, upload-time = "2026-03-29T13:29:33.898Z" }
wheels = [
    { url = "https://files.pythonhosted.org/packages/f4/7e/a72dd26f3b0f4f2bf1dd8923c85f7ceb43172af56d63c7383eb62b332364/pygments-2.20.0-py3-none-any.whl", hash = "sha256:81a9e26dd42fd28a23a2d169d86d7ac03b46e2f8b59ed4698fb4785f946d0176", size = 1231151, upload-time = "2026-03-29T13:29:30.038Z" },
]

[[package]]
name = "pytest"
version = "9.0.3"
source = { registry = "https://pypi.org/simple" }
dependencies = [
    { name = "colorama", marker = "sys_platform == 'win32'" },
    { name = "iniconfig" },
    { name = "packaging" },
    { name = "pluggy" },
    { name = "pygments" },
]
sdist = { url = "https://files.pythonhosted.org/packages/7d/0d/549bd94f1a0a402dc8cf64563a117c0f3765662e2e668477624baeec44d5/pytest-9.0.3.tar.gz", hash = "sha256:b86ada508af81d19edeb213c681b1d48246c1a91d304c6c81a427674c17eb91c", size = 1572165, upload-time = "2026-04-07T17:16:18.027Z" }
wheels = [
    { url = "https://files.pythonhosted.org/packages/d4/24/a372aaf5c9b7208e7112038812994107bc65a84cd00e0354a88c2c77a617/pytest-9.0.3-py3-none-any.whl", hash = "sha256:2c5efc453d45394fdd706ade797c0a81091eccd1d6e4bccfcd476e2b8e0ab5d9", size = 375249, upload-time = "2026-04-07T17:16:16.13Z" },
]

[[package]]
name = "ropcatalog"
version = "0.9.3"
source = { editable = "." }
dependencies = [
    { name = "chardet" },
    { name = "prompt-toolkit" },
]

[package.dev-dependencies]
dev = [
    { name = "pytest" },
]

[package.metadata]
requires-dist = [
    { name = "chardet", specifier = ">=7.0.0" },
    { name = "prompt-toolkit", specifier = ">=3.0.48,<4.0.0" },
]

[package.metadata.requires-dev]
dev = [{ name = "pytest", specifier = ">=8.4.2" }]

[[package]]
name = "wcwidth"
version = "0.6.0"
source = { registry = "https://pypi.org/simple" }
sdist = { url = "https://files.pythonhosted.org/packages/35/a2/8e3becb46433538a38726c948d3399905a4c7cabd0df578ede5dc51f0ec2/wcwidth-0.6.0.tar.gz", hash = "sha256:cdc4e4262d6ef9a1a57e018384cbeb1208d8abbc64176027e2c2455c81313159", size = 159684, upload-time = "2026-02-06T19:19:40.919Z" }
wheels = [
    { url = "https://files.pythonhosted.org/packages/68/5a/199c59e0a824a3db2b89c5d2dade7ab5f9624dbf6448dc291b46d5ec94d3/wcwidth-0.6.0-py3-none-any.whl", hash = "sha256:1a3a1e510b553315f8e146c54764f4fb6264ffad731b3d78088cdb1478ffbdad", size = 94189, upload-time = "2026-02-06T19:19:39.646Z" },
]
